
Microsoft Visual Studio Solution File, Format Version 12.00
# Visual Studio Version 16
VisualStudioVersion = 16.0.31410.357
MinimumVisualStudioVersion = 10.0.40219.1
Project("{FAE04EC0-301F-11D3-BF4B-00C04F79EFBC}") = "PuppyPdfGenerator", "PuppyPdfGenerator.csproj", "{2EF010E0-D479-48B6-B1AA-61AF3B41C1AB}"
EndProject
Global
	GlobalSection(SolutionConfigurationPlatforms) = preSolution
		Debug|Any CPU = Debug|Any CPU
		Release|Any CPU = Release|Any CPU
	EndGlobalSection
	GlobalSection(ProjectConfigurationPlatforms) = postSolution
		{2EF010E0-D479-48B6-B1AA-61AF3B41C1AB}.Debug|Any CPU.ActiveCfg = Debug|Any CPU
		{2EF010E0-D479-48B6-B1AA-61AF3B41C1AB}.Debug|Any CPU.Build.0 = Debug|Any CPU
		{2EF010E0-D479-48B6-B1AA-61AF3B41C1AB}.Release|Any CPU.ActiveCfg = Release|Any CPU
		{2EF010E0-D479-48B6-B1AA-61AF3B41C1AB}.Release|Any CPU.Build.0 = Release|Any CPU
	EndGlobalSection
	GlobalSection(SolutionProperties) = preSolution
		HideSolutionNode = FALSE
	EndGlobalSection
	GlobalSection(ExtensibilityGlobals) = postSolution
		SolutionGuid = {58CC8940-3B27-436C-9EA9-270AF56B6F66}
	EndGlobalSection
EndGlobal
